{
  "name":"bobby-web","version":"0.1.0","lockfileVersion":3,"requires":true,
  "packages":{
    "":{"name":"bobby-web","version":"0.1.0","workspaces":["model","dat","engine","editor","web","tools"],"dependencies":{"webaudio-tinysynth":"1.1.3"},"devDependencies":{"typescript":"^5.9.2"},"engines":{"node":">=20"}},
    "dat":{"name":"@bobby/dat","version":"0.1.0","dependencies":{"@bobby/model":"0.1.0"}},
    "editor":{"name":"@bobby/editor","version":"0.1.0","dependencies":{"@bobby/dat":"0.1.0","@bobby/engine":"0.1.0","@bobby/model":"0.1.0"}},
    "engine":{"name":"@bobby/engine","version":"0.1.0","dependencies":{"@bobby/model":"0.1.0"}},
    "model":{"name":"@bobby/model","version":"0.1.0"},
    "tools":{"name":"@bobby/tools","version":"0.1.0","dependencies":{"@bobby/dat":"0.1.0","@bobby/model":"0.1.0"}},
    "web":{"name":"@bobby/web","version":"0.1.0","dependencies":{"@bobby/dat":"0.1.0","@bobby/editor":"0.1.0","@bobby/engine":"0.1.0","@bobby/model":"0.1.0"}},
    "node_modules/@bobby/dat":{"resolved":"dat","link":true},"node_modules/@bobby/editor":{"resolved":"editor","link":true},"node_modules/@bobby/engine":{"resolved":"engine","link":true},"node_modules/@bobby/model":{"resolved":"model","link":true},"node_modules/@bobby/tools":{"resolved":"tools","link":true},"node_modules/@bobby/web":{"resolved":"web","link":true},
    "node_modules/typescript":{"version":"5.9.3","resolved":"https://registry.npmjs.org/typescript/-/typescript-5.9.3.tgz","integrity":"sha512-l5L1/UaZq5d8W9PzXxgZxB3Sr6IfJb4t5c2faP8U95kK19KfF29aYOqOkMZsbFQb9Kf7V6x8g0M5TgSw==","dev":true,"license":"Apache-2.0","bin":{"tsc":"bin/tsc","tsserver":"bin/tsserver"},"engines":{"node":">=14.17"}},
    "node_modules/webaudio-tinysynth":{"version":"1.1.3","resolved":"https://registry.npmjs.org/webaudio-tinysynth/-/webaudio-tinysynth-1.1.3.tgz","integrity":"sha512-ez+2R6GU0KHZ28wcZHxkbSCXGiSYybhyyTr6+WblTm/rOBfhqsNLbzdiNlZz5I0x/KLOHQUNl/75hZyGpoUJdQ==","license":"Apache-2.0"}
  }
}
